
Microsoft Visual Studio Solution File, Format Version 12.00
# Visual Studio Version 17
VisualStudioVersion = 17.0.32014.148
MinimumVisualStudioVersion = 10.0.40219.1
Project("{FAE04EC0-301F-11D3-BF4B-00C04F79EFBC}") = "Lab3.Android", "Lab3\Lab3.Android\Lab3.Android.csproj", "{D93F777B-5F89-465F-A83E-3538A4B1EDE5}"
EndProject
Project("{FAE04EC0-301F-11D3-BF4B-00C04F79EFBC}") = "Lab3.iOS", "Lab3\Lab3.iOS\Lab3.iOS.csproj", "{4BDB6398-697F-4FC4-92C3-B0F9F230EEAC}"
EndProject
Project("{FAE04EC0-301F-11D3-BF4B-00C04F79EFBC}") = "Lab3", "Lab3\Lab3\Lab3.csproj", "{0F9D2E1C-E8CE-432A-98B8-9CAF779CB953}"
EndProject
Global
	GlobalSection(SolutionConfigurationPlatforms) = preSolution
		Debug|Any CPU = Debug|Any CPU
		Debug|iPhone = Debug|iPhone
		Debug|iPhoneSimulator = Debug|iPhoneSimulator
		Release|Any CPU = Release|Any CPU
		Release|iPhone = Release|iPhone
		Release|iPhoneSimulator = Release|iPhoneSimulator
	EndGlobalSection
	GlobalSection(ProjectConfigurationPlatforms) = postSolution
		{D93F777B-5F89-465F-A83E-3538A4B1EDE5}.Debug|Any CPU.ActiveCfg = Debug|Any CPU
		{D93F777B-5F89-465F-A83E-3538A4B1EDE5}.Debug|Any CPU.Build.0 = Debug|Any CPU
		{D93F777B-5F89-465F-A83E-3538A4B1EDE5}.Debug|Any CPU.Deploy.0 = Debug|Any CPU
		{D93F777B-5F89-465F-A83E-3538A4B1EDE5}.Debug|iPhone.ActiveCfg = Debug|Any CPU
		{D93F777B-5F89-465F-A83E-3538A4B1EDE5}.Debug|iPhone.Build.0 = Debug|Any CPU
		{D93F777B-5F89-465F-A83E-3538A4B1EDE5}.Debug|iPhone.Deploy.0 = Debug|Any CPU
		{D93F777B-5F89-465F-A83E-3538A4B1EDE5}.Debug|iPhoneSimulator.ActiveCfg = Debug|Any CPU
		{D93F777B-5F89-465F-A83E-3538A4B1EDE5}.Debug|iPhoneSimulator.Build.0 = Debug|Any CPU
		{D93F777B-5F89-465F-A83E-3538A4B1EDE5}.Debug|iPhoneSimulator.Deploy.0 = Debug|Any CPU
		{D93F777B-5F89-465F-A83E-3538A4B1EDE5}.Release|Any CPU.ActiveCfg = Release|Any CPU
		{D93F777B-5F89-465F-A83E-3538A4B1EDE5}.Release|Any CPU.Build.0 = Release|Any CPU
		{D93F777B-5F89-465F-A83E-3538A4B1EDE5}.Release|Any CPU.Deploy.0 = Release|Any CPU
		{D93F777B-5F89-465F-A83E-3538A4B1EDE5}.Release|iPhone.ActiveCfg = Release|Any CPU
		{D93F777B-5F89-465F-A83E-3538A4B1EDE5}.Release|iPhone.Build.0 = Release|Any CPU
		{D93F777B-5F89-465F-A83E-3538A4B1EDE5}.Release|iPhone.Deploy.0 = Release|Any CPU
		{D93F777B-5F89-465F-A83E-3538A4B1EDE5}.Release|iPhoneSimulator.ActiveCfg = Release|Any CPU
		{D93F777B-5F89-465F-A83E-3538A4B1EDE5}.Release|iPhoneSimulator.Build.0 = Release|Any CPU
		{D93F777B-5F89-465F-A83E-3538A4B1EDE5}.Release|iPhoneSimulator.Deploy.0 = Release|Any CPU
		{4BDB6398-697F-4FC4-92C3-B0F9F230EEAC}.Debug|Any CPU.ActiveCfg = Debug|iPhone
		{4BDB6398-697F-4FC4-92C3-B0F9F230EEAC}.Debug|Any CPU.Build.0 = Debug|iPhone
		{4BDB6398-697F-4FC4-92C3-B0F9F230EEAC}.Debug|Any CPU.Deploy.0 = Debug|iPhone
		{4BDB6398-697F-4FC4-92C3-B0F9F230EEAC}.Debug|iPhone.ActiveCfg = Debug|iPhone
		{4BDB6398-697F-4FC4-92C3-B0F9F230EEAC}.Debug|iPhone.Build.0 = Debug|iPhone
		{4BDB6398-697F-4FC4-92C3-B0F9F230EEAC}.Debug|iPhone.Deploy.0 = Debug|iPhone
		{4BDB6398-697F-4FC4-92C3-B0F9F230EEAC}.Debug|iPhoneSimulator.ActiveCfg = Debug|iPhoneSimulator
		{4BDB6398-697F-4FC4-92C3-B0F9F230EEAC}.Debug|iPhoneSimulator.Build.0 = Debug|iPhoneSimulator
		{4BDB6398-697F-4FC4-92C3-B0F9F230EEAC}.Debug|iPhoneSimulator.Deploy.0 = Debug|iPhoneSimulator
		{4BDB6398-697F-4FC4-92C3-B0F9F230EEAC}.Release|Any CPU.ActiveCfg = Release|iPhoneSimulator
		{4BDB6398-697F-4FC4-92C3-B0F9F230EEAC}.Release|Any CPU.Build.0 = Release|iPhoneSimulator
		{4BDB6398-697F-4FC4-92C3-B0F9F230EEAC}.Release|Any CPU.Deploy.0 = Release|iPhoneSimulator
		{4BDB6398-697F-4FC4-92C3-B0F9F230EEAC}.Release|iPhone.ActiveCfg = Release|iPhone
		{4BDB6398-697F-4FC4-92C3-B0F9F230EEAC}.Release|iPhone.Build.0 = Release|iPhone
		{4BDB6398-697F-4FC4-92C3-B0F9F230EEAC}.Release|iPhone.Deploy.0 = Release|iPhone
		{4BDB6398-697F-4FC4-92C3-B0F9F230EEAC}.Release|iPhoneSimulator.ActiveCfg = Release|iPhoneSimulator
		{4BDB6398-697F-4FC4-92C3-B0F9F230EEAC}.Release|iPhoneSimulator.Build.0 = Release|iPhoneSimulator
		{4BDB6398-697F-4FC4-92C3-B0F9F230EEAC}.Release|iPhoneSimulator.Deploy.0 = Release|iPhoneSimulator
		{0F9D2E1C-E8CE-432A-98B8-9CAF779CB953}.Debug|Any CPU.ActiveCfg = Debug|Any CPU
		{0F9D2E1C-E8CE-432A-98B8-9CAF779CB953}.Debug|Any CPU.Build.0 = Debug|Any CPU
		{0F9D2E1C-E8CE-432A-98B8-9CAF779CB953}.Debug|Any CPU.Deploy.0 = Debug|Any CPU
		{0F9D2E1C-E8CE-432A-98B8-9CAF779CB953}.Debug|iPhone.ActiveCfg = Debug|Any CPU
		{0F9D2E1C-E8CE-432A-98B8-9CAF779CB953}.Debug|iPhone.Build.0 = Debug|Any CPU
		{0F9D2E1C-E8CE-432A-98B8-9CAF779CB953}.Debug|iPhone.Deploy.0 = Debug|Any CPU
		{0F9D2E1C-E8CE-432A-98B8-9CAF779CB953}.Debug|iPhoneSimulator.ActiveCfg = Debug|Any CPU
		{0F9D2E1C-E8CE-432A-98B8-9CAF779CB953}.Debug|iPhoneSimulator.Build.0 = Debug|Any CPU
		{0F9D2E1C-E8CE-432A-98B8-9CAF779CB953}.Debug|iPhoneSimulator.Deploy.0 = Debug|Any CPU
		{0F9D2E1C-E8CE-432A-98B8-9CAF779CB953}.Release|Any CPU.ActiveCfg = Release|Any CPU
		{0F9D2E1C-E8CE-432A-98B8-9CAF779CB953}.Release|Any CPU.Build.0 = Release|Any CPU
		{0F9D2E1C-E8CE-432A-98B8-9CAF779CB953}.Release|Any CPU.Deploy.0 = Release|Any CPU
		{0F9D2E1C-E8CE-432A-98B8-9CAF779CB953}.Release|iPhone.ActiveCfg = Release|Any CPU
		{0F9D2E1C-E8CE-432A-98B8-9CAF779CB953}.Release|iPhone.Build.0 = Release|Any CPU
		{0F9D2E1C-E8CE-432A-98B8-9CAF779CB953}.Release|iPhone.Deploy.0 = Release|Any CPU
		{0F9D2E1C-E8CE-432A-98B8-9CAF779CB953}.Release|iPhoneSimulator.ActiveCfg = Release|Any CPU
		{0F9D2E1C-E8CE-432A-98B8-9CAF779CB953}.Release|iPhoneSimulator.Build.0 = Release|Any CPU
		{0F9D2E1C-E8CE-432A-98B8-9CAF779CB953}.Release|iPhoneSimulator.Deploy.0 = Release|Any CPU
	EndGlobalSection
	GlobalSection(SolutionProperties) = preSolution
		HideSolutionNode = FALSE
	EndGlobalSection
	GlobalSection(ExtensibilityGlobals) = postSolution
		SolutionGuid = {179FEC83-6B3E-4AED-8DF3-BF6D62C4B3F2}
	EndGlobalSection
EndGlobal
